// !$*UTF8*$!
{
	archiveVersion = 1;
	classes = {
	};
	objectVersion = 46;
	objects = {

/* Begin PBXBuildFile section */
		8223F1B51E8EE9430021A23C /* GCDBlackBox.swift in Sources */ = {isa = PBXBuildFile; fileRef = 8223F1B41E8EE9430021A23C /* GCDBlackBox.swift */; };
		8223F1B81E8EEA620021A23C /* DataLoader.swift in Sources */ = {isa = PBXBuildFile; fileRef = 8223F1B71E8EEA620021A23C /* DataLoader.swift */; };
		8223F1C31E8F03E10021A23C /* PhotoAlbumViewCell.swift in Sources */ = {isa = PBXBuildFile; fileRef = 8223F1C21E8F03E10021A23C /* PhotoAlbumViewCell.swift */; };
		8223F1C51E8F06430021A23C /* ActivityIndicator.swift in Sources */ = {isa = PBXBuildFile; fileRef = 8223F1C41E8F06430021A23C /* ActivityIndicator.swift */; };
		8223F1C91E8F07D00021A23C /* UIViewController+ActivityIndicatior.swift in Sources */ = {isa = PBXBuildFile; fileRef = 8223F1C81E8F07D00021A23C /* UIViewController+ActivityIndicatior.swift */; };
		8223F1CB1E8F084D0021A23C /* Animations.swift in Sources */ = {isa = PBXBuildFile; fileRef = 8223F1CA1E8F084D0021A23C /* Animations.swift */; };
		8223F1CD1E8F09EF0021A23C /* UIScreen+Size.swift in Sources */ = {isa = PBXBuildFile; fileRef = 8223F1CC1E8F09EF0021A23C /* UIScreen+Size.swift */; };
		823D7A051E7B396A00CC0190 /* AppDelegate.swift in Sources */ = {isa = PBXBuildFile; fileRef = 823D7A041E7B396A00CC0190 /* AppDelegate.swift */; };
		823D7A071E7B396A00CC0190 /* MapViewController.swift in Sources */ = {isa = PBXBuildFile; fileRef = 823D7A061E7B396A00CC0190 /* MapViewController.swift */; };
		823D7A0A1E7B396A00CC0190 /* Main.storyboard in Resources */ = {isa = PBXBuildFile; fileRef = 823D7A081E7B396A00CC0190 /* Main.storyboard */; };
		823D7A0C1E7B396A00CC0190 /* Assets.xcassets in Resources */ = {isa = PBXBuildFile; fileRef = 823D7A0B1E7B396A00CC0190 /* Assets.xcassets */; };
		823D7A0F1E7B396A00CC0190 /* LaunchScreen.storyboard in Resources */ = {isa = PBXBuildFile; fileRef = 823D7A0D1E7B396A00CC0190 /* LaunchScreen.storyboard */; };
		823D7A1C1E7E8C8100CC0190 /* PhotoAlbumViewController.swift in Sources */ = {isa = PBXBuildFile; fileRef = 823D7A1B1E7E8C8100CC0190 /* PhotoAlbumViewController.swift */; };
		82430A1F1E86952700297FCC /* Constants.swift in Sources */ = {isa = PBXBuildFile; fileRef = 82430A1E1E86952700297FCC /* Constants.swift */; };
		82430A221E8696EA00297FCC /* Model.xcdatamodeld in Sources */ = {isa = PBXBuildFile; fileRef = 82430A201E8696EA00297FCC /* Model.xcdatamodeld */; };
		82430A271E869F1C00297FCC /* Pin+CoreDataClass.swift in Sources */ = {isa = PBXBuildFile; fileRef = 82430A231E869F1C00297FCC /* Pin+CoreDataClass.swift */; };
		82430A281E869F1C00297FCC /* Pin+CoreDataProperties.swift in Sources */ = {isa = PBXBuildFile; fileRef = 82430A241E869F1C00297FCC /* Pin+CoreDataProperties.swift */; };
		82430A291E869F1C00297FCC /* Photo+CoreDataClass.swift in Sources */ = {isa = PBXBuildFile; fileRef = 82430A251E869F1C00297FCC /* Photo+CoreDataClass.swift */; };
		82430A2A1E869F1C00297FCC /* Photo+CoreDataProperties.swift in Sources */ = {isa = PBXBuildFile; fileRef = 82430A261E869F1C00297FCC /* Photo+CoreDataProperties.swift */; };
		82430A2C1E869FD200297FCC /* CoreDataStack.swift in Sources */ = {isa = PBXBuildFile; fileRef = 82430A2B1E869FD200297FCC /* CoreDataStack.swift */; };
/* End PBXBuildFile section */

/* Begin PBXFileReference section */
		8223F1B41E8EE9430021A23C /* GCDBlackBox.swift */ = {isa = PBXFileReference; fileEncoding = 4; lastKnownFileType = sourcecode.swift; path = GCDBlackBox.swift; sourceTree = "<group>"; };
		8223F1B71E8EEA620021A23C /* DataLoader.swift */ = {isa = PBXFileReference; fileEncoding = 4; lastKnownFileType = sourcecode.swift; path = DataLoader.swift; sourceTree = "<group>"; };
		8223F1C21E8F03E10021A23C /* PhotoAlbumViewCell.swift */ = {isa = PBXFileReference; fileEncoding = 4; lastKnownFileType = sourcecode.swift; path = PhotoAlbumViewCell.swift; sourceTree = "<group>"; };
		8223F1C41E8F06430021A23C /* ActivityIndicator.swift */ = {isa = PBXFileReference; fileEncoding = 4; lastKnownFileType = sourcecode.swift; path = ActivityIndicator.swift; sourceTree = "<group>"; };
		8223F1C81E8F07D00021A23C /* UIViewController+ActivityIndicatior.swift */ = {isa = PBXFileReference; fileEncoding = 4; lastKnownFileType = sourcecode.swift; path = "UIViewController+ActivityIndicatior.swift"; sourceTree = "<group>"; };
		8223F1CA1E8F084D0021A23C /* Animations.swift */ = {isa = PBXFileReference; fileEncoding = 4; lastKnownFileType = sourcecode.swift; path = Animations.swift; sourceTree = "<group>"; };
		8223F1CC1E8F09EF0021A23C /* UIScreen+Size.swift */ = {isa = PBXFileReference; fileEncoding = 4; lastKnownFileType = sourcecode.swift; path = "UIScreen+Size.swift"; sourceTree = "<group>"; };
		823D7A011E7B396A00CC0190 /* Virtual Tourist.app */ = {isa = PBXFileReference; explicitFileType = wrapper.application; includeInIndex = 0; path = "Virtual Tourist.app"; sourceTree = BUILT_PRODUCTS_DIR; };
		823D7A041E7B396A00CC0190 /* AppDelegate.swift */ = {isa = PBXFileReference; lastKnownFileType = sourcecode.swift; path = AppDelegate.swift; sourceTree = "<group>"; };
		823D7A061E7B396A00CC0190 /* MapViewController.swift */ = {isa = PBXFileReference; lastKnownFileType = sourcecode.swift; path = MapViewController.swift; sourceTree = "<group>"; };
		823D7A091E7B396A00CC0190 /* Base */ = {isa = PBXFileReference; lastKnownFileType = file.storyboard; name = Base; path = Base.lproj/Main.storyboard; sourceTree = "<group>"; };
		823D7A0B1E7B396A00CC0190 /* Assets.xcassets */ = {isa = PBXFileReference; lastKnownFileType = folder.assetcatalog; path = Assets.xcassets; sourceTree = "<group>"; };
		823D7A0E1E7B396A00CC0190 /* Base */ = {isa = PBXFileReference; lastKnownFileType = file.storyboard; name = Base; path = Base.lproj/LaunchScreen.storyboard; sourceTree = "<group>"; };
		823D7A101E7B396A00CC0190 /* Info.plist */ = {isa = PBXFileReference; lastKnownFileType = text.plist.xml; path = Info.plist; sourceTree = "<group>"; };
		823D7A1B1E7E8C8100CC0190 /* PhotoAlbumViewController.swift */ = {isa = PBXFileReference; fileEncoding = 4; lastKnownFileType = sourcecode.swift; path = PhotoAlbumViewController.swift; sourceTree = "<group>"; };
		82430A1E1E86952700297FCC /* Constants.swift */ = {isa = PBXFileReference; fileEncoding = 4; lastKnownFileType = sourcecode.swift; path = Constants.swift; sourceTree = "<group>"; };
		82430A211E8696EA00297FCC /* Model.xcdatamodel */ = {isa = PBXFileReference; lastKnownFileType = wrapper.xcdatamodel; path = Model.xcdatamodel; sourceTree = "<group>"; };
		82430A231E869F1C00297FCC /* Pin+CoreDataClass.swift */ = {isa = PBXFileReference; fileEncoding = 4; lastKnownFileType = sourcecode.swift; path = "Pin+CoreDataClass.swift"; sourceTree = "<group>"; };
		82430A241E869F1C00297FCC /* Pin+CoreDataProperties.swift */ = {isa = PBXFileReference; fileEncoding = 4; lastKnownFileType = sourcecode.swift; path = "Pin+CoreDataProperties.swift"; sourceTree = "<group>"; };
		82430A251E869F1C00297FCC /* Photo+CoreDataClass.swift */ = {isa = PBXFileReference; fileEncoding = 4; lastKnownFileType = sourcecode.swift; path = "Photo+CoreDataClass.swift"; sourceTree = "<group>"; };
		82430A261E869F1C00297FCC /* Photo+CoreDataProperties.swift */ = {isa = PBXFileReference; fileEncoding = 4; lastKnownFileType = sourcecode.swift; path = "Photo+CoreDataProperties.swift"; sourceTree = "<group>"; };
		82430A2B1E869FD200297FCC /* CoreDataStack.swift */ = {isa = PBXFileReference; fileEncoding = 4; lastKnownFileType = sourcecode.swift; path = CoreDataStack.swift; sourceTree = "<group>"; };
/* End PBXFileReference section */

/* Begin PBXFrameworksBuildPhase section */
		823D79FE1E7B396A00CC0190 /* Frameworks */ = {
			isa = PBXFrameworksBuildPhase;
			buildActionMask = 2147483647;
			files = (
			);
			runOnlyForDeploymentPostprocessing = 0;
		};
/* End PBXFrameworksBuildPhase section */

/* Begin PBXGroup section */
		8223F1B61E8EE9CB0021A23C /* Persistance */ = {
			isa = PBXGroup;
			children = (
				82430A201E8696EA00297FCC /* Model.xcdatamodeld */,
				82430A231E869F1C00297FCC /* Pin+CoreDataClass.swift */,
				82430A241E869F1C00297FCC /* Pin+CoreDataProperties.swift */,
				82430A251E869F1C00297FCC /* Photo+CoreDataClass.swift */,
				82430A261E869F1C00297FCC /* Photo+CoreDataProperties.swift */,
				82430A2B1E869FD200297FCC /* CoreDataStack.swift */,
			);
			name = Persistance;
			sourceTree = "<group>";
		};
		8223F1C11E8F03BE0021A23C /* View */ = {
			isa = PBXGroup;
			children = (
				8223F1C21E8F03E10021A23C /* PhotoAlbumViewCell.swift */,
				8223F1C41E8F06430021A23C /* ActivityIndicator.swift */,
				8223F1CA1E8F084D0021A23C /* Animations.swift */,
			);
			name = View;
			sourceTree = "<group>";
		};
		8223F1C61E8F07980021A23C /* Utils */ = {
			isa = PBXGroup;
			children = (
				8223F1C71E8F07A30021A23C /* Extension */,
			);
			name = Utils;
			sourceTree = "<group>";
		};
		8223F1C71E8F07A30021A23C /* Extension */ = {
			isa = PBXGroup;
			children = (
				8223F1C81E8F07D00021A23C /* UIViewController+ActivityIndicatior.swift */,
				8223F1CC1E8F09EF0021A23C /* UIScreen+Size.swift */,
			);
			name = Extension;
			sourceTree = "<group>";
		};
		823D79F81E7B396A00CC0190 = {
			isa = PBXGroup;
			children = (
				823D7A031E7B396A00CC0190 /* Virtual Tourist */,
				823D7A021E7B396A00CC0190 /* Products */,
			);
			sourceTree = "<group>";
		};
		823D7A021E7B396A00CC0190 /* Products */ = {
			isa = PBXGroup;
			children = (
				823D7A011E7B396A00CC0190 /* Virtual Tourist.app */,
			);
			name = Products;
			sourceTree = "<group>";
		};
		823D7A031E7B396A00CC0190 /* Virtual Tourist */ = {
			isa = PBXGroup;
			children = (
				8223F1C61E8F07980021A23C /* Utils */,
				823D7A041E7B396A00CC0190 /* AppDelegate.swift */,
				82430A1E1E86952700297FCC /* Constants.swift */,
				8223F1B41E8EE9430021A23C /* GCDBlackBox.swift */,
				A17D48621E7BD89700F505BB /* Model */,
				8223F1C11E8F03BE0021A23C /* View */,
				A17D48611E7BD88400F505BB /* Controller */,
				A17D48631E7BD8A600F505BB /* Supporting Files */,
			);
			path = "Virtual Tourist";
			sourceTree = "<group>";
		};
		A17D48611E7BD88400F505BB /* Controller */ = {
			isa = PBXGroup;
			children = (
				823D7A061E7B396A00CC0190 /* MapViewController.swift */,
				823D7A1B1E7E8C8100CC0190 /* PhotoAlbumViewController.swift */,
			);
			name = Controller;
			sourceTree = "<group>";
		};
		A17D48621E7BD89700F505BB /* Model */ = {
			isa = PBXGroup;
			children = (
				8223F1B61E8EE9CB0021A23C /* Persistance */,
				8223F1B71E8EEA620021A23C /* DataLoader.swift */,
			);
			name = Model;
			sourceTree = "<group>";
		};
		A17D48631E7BD8A600F505BB /* Supporting Files */ = {
			isa = PBXGroup;
			children = (
				823D7A101E7B396A00CC0190 /* Info.plist */,
				823D7A0D1E7B396A00CC0190 /* LaunchScreen.storyboard */,
				823D7A081E7B396A00CC0190 /* Main.storyboard */,
				823D7A0B1E7B396A00CC0190 /* Assets.xcassets */,
			);
			name = "Supporting Files";
			sourceTree = "<group>";
		};
/* End PBXGroup section */

/* Begin PBXNativeTarget section */
		823D7A001E7B396A00CC0190 /* Virtual Tourist */ = {
			isa = PBXNativeTarget;
			buildConfigurationList = 823D7A131E7B396A00CC0190 /* Build configuration list for PBXNativeTarget "Virtual Tourist" */;
			buildPhases = (
				823D79FD1E7B396A00CC0190 /* Sources */,
				823D79FE1E7B396A00CC0190 /* Frameworks */,
				823D79FF1E7B396A00CC0190 /* Resources */,
			);
			buildRules = (
			);
			dependencies = (
			);
			name = "Virtual Tourist";
			productName = "Virtual Tourist";
			productReference = 823D7A011E7B396A00CC0190 /* Virtual Tourist.app */;
			productType = "com.apple.product-type.application";
		};
/* End PBXNativeTarget section */

/* Begin PBXProject section */
		823D79F91E7B396A00CC0190 /* Project object */ = {
			isa = PBXProject;
			attributes = {
				LastSwiftUpdateCheck = 0820;
				LastUpgradeCheck = 0820;
				ORGANIZATIONNAME = "Sergey Kravtsov";
				TargetAttributes = {
					823D7A001E7B396A00CC0190 = {
						CreatedOnToolsVersion = 8.2.1;
						DevelopmentTeam = 9QTU947L2N;
						ProvisioningStyle = Automatic;
					};
				};
			};
			buildConfigurationList = 823D79FC1E7B396A00CC0190 /* Build configuration list for PBXProject "Virtual Tourist" */;
			compatibilityVersion = "Xcode 3.2";
			developmentRegion = English;
			hasScannedForEncodings = 0;
			knownRegions = (
				en,
				Base,
			);
			mainGroup = 823D79F81E7B396A00CC0190;
			productRefGroup = 823D7A021E7B396A00CC0190 /* Products */;
			projectDirPath = "";
			projectRoot = "";
			targets = (
				823D7A001E7B396A00CC0190 /* Virtual Tourist */,
			);
		};
/* End PBXProject section */

/* Begin PBXResourcesBuildPhase section */
		823D79FF1E7B396A00CC0190 /* Resources */ = {
			isa = PBXResourcesBuildPhase;
			buildActionMask = 2147483647;
			files = (
				823D7A0F1E7B396A00CC0190 /* LaunchScreen.storyboard in Resources */,
				823D7A0C1E7B396A00CC0190 /* Assets.xcassets in Resources */,
				823D7A0A1E7B396A00CC0190 /* Main.storyboard in Resources */,
			);
			runOnlyForDeploymentPostprocessing = 0;
		};
/* End PBXResourcesBuildPhase section */

/* Begin PBXSourcesBuildPhase section */
		823D79FD1E7B396A00CC0190 /* Sources */ = {
			isa = PBXSourcesBuildPhase;
			buildActionMask = 2147483647;
			files = (
				823D7A071E7B396A00CC0190 /* MapViewController.swift in Sources */,
				823D7A051E7B396A00CC0190 /* AppDelegate.swift in Sources */,
				82430A291E869F1C00297FCC /* Photo+CoreDataClass.swift in Sources */,
				82430A221E8696EA00297FCC /* Model.xcdatamodeld in Sources */,
				8223F1C51E8F06430021A23C /* ActivityIndicator.swift in Sources */,
				8223F1CD1E8F09EF0021A23C /* UIScreen+Size.swift in Sources */,
				8223F1B51E8EE9430021A23C /* GCDBlackBox.swift in Sources */,
				82430A281E869F1C00297FCC /* Pin+CoreDataProperties.swift in Sources */,
				8223F1C31E8F03E10021A23C /* PhotoAlbumViewCell.swift in Sources */,
				82430A2C1E869FD200297FCC /* CoreDataStack.swift in Sources */,
				82430A271E869F1C00297FCC /* Pin+CoreDataClass.swift in Sources */,
				8223F1C91E8F07D00021A23C /* UIViewController+ActivityIndicatior.swift in Sources */,
				8223F1B81E8EEA620021A23C /* DataLoader.swift in Sources */,
				82430A2A1E869F1C00297FCC /* Photo+CoreDataProperties.swift in Sources */,
				823D7A1C1E7E8C8100CC0190 /* PhotoAlbumViewController.swift in Sources */,
				8223F1CB1E8F084D0021A23C /* Animations.swift in Sources */,
				82430A1F1E86952700297FCC /* Constants.swift in Sources */,
			);
			runOnlyForDeploymentPostprocessing = 0;
		};
/* End PBXSourcesBuildPhase section */

/* Begin PBXVariantGroup section */
		823D7A081E7B396A00CC0190 /* Main.storyboard */ = {
			isa = PBXVariantGroup;
			children = (
				823D7A091E7B396A00CC0190 /* Base */,
			);
			name = Main.storyboard;
			sourceTree = "<group>";
		};
		823D7A0D1E7B396A00CC0190 /* LaunchScreen.storyboard */ = {
			isa = PBXVariantGroup;
			children = (
				823D7A0E1E7B396A00CC0190 /* Base */,
			);
			name = LaunchScreen.storyboard;
			sourceTree = "<group>";
		};
/* End PBXVariantGroup section */

/* Begin XCBuildConfiguration section */
		823D7A111E7B396A00CC0190 /* Debug */ = {
			isa = XCBuildConfiguration;
			buildSettings = {
				ALWAYS_SEARCH_USER_PATHS = NO;
				CLANG_ANALYZER_NONNULL = YES;
				CLANG_CXX_LANGUAGE_STANDARD = "gnu++0x";
				CLANG_CXX_LIBRARY = "libc++";
				CLANG_ENABLE_MODULES = YES;
				CLANG_ENABLE_OBJC_ARC = YES;
				CLANG_WARN_BOOL_CONVERSION = YES;
				CLANG_WARN_CONSTANT_CONVERSION = YES;
				CLANG_WARN_DIRECT_OBJC_ISA_USAGE = YES_ERROR;
				CLANG_WARN_DOCUMENTATION_COMMENTS = YES;
				CLANG_WARN_EMPTY_BODY = YES;
				CLANG_WARN_ENUM_CONVERSION = YES;
				CLANG_WARN_INFINITE_RECURSION = YES;
				CLANG_WARN_INT_CONVERSION = YES;
				CLANG_WARN_OBJC_ROOT_CLASS = YES_ERROR;
				CLANG_WARN_SUSPICIOUS_MOVE = YES;
				CLANG_WARN_UNREACHABLE_CODE = YES;
				CLANG_WARN__DUPLICATE_METHOD_MATCH = YES;
				"CODE_SIGN_IDENTITY[sdk=iphoneos*]" = "iPhone Developer";
				COPY_PHASE_STRIP = NO;
				DEBUG_INFORMATION_FORMAT = dwarf;
				ENABLE_STRICT_OBJC_MSGSEND = YES;
				ENABLE_TESTABILITY = YES;
				GCC_C_LANGUAGE_STANDARD = gnu99;
				GCC_DYNAMIC_NO_PIC = NO;
				GCC_NO_COMMON_BLOCKS = YES;
				GCC_OPTIMIZATION_LEVEL = 0;
				GCC_PREPROCESSOR_DEFINITIONS = (
					"DEBUG=1",
					"$(inherited)",
				);
				GCC_WARN_64_TO_32_BIT_CONVERSION = YES;
				GCC_WARN_ABOUT_RETURN_TYPE = YES_ERROR;
				GCC_WARN_UNDECLARED_SELECTOR = YES;
				GCC_WARN_UNINITIALIZED_AUTOS = YES_AGGRESSIVE;
				GCC_WARN_UNUSED_FUNCTION = YES;
				GCC_WARN_UNUSED_VARIABLE = YES;
				IPHONEOS_DEPLOYMENT_TARGET = 10.2;
				MTL_ENABLE_DEBUG_INFO = YES;
				ONLY_ACTIVE_ARCH = YES;
				SDKROOT = iphoneos;
				SWIFT_ACTIVE_COMPILATION_CONDITIONS = DEBUG;
				SWIFT_OPTIMIZATION_LEVEL = "-Onone";
			};
			name = Debug;
		};
		823D7A121E7B396A00CC0190 /* Release */ = {
			isa = XCBuildConfiguration;
			buildSettings = {
				ALWAYS_SEARCH_USER_PATHS = NO;
				CLANG_ANALYZER_NONNULL = YES;
				CLANG_CXX_LANGUAGE_STANDARD = "gnu++0x";
				CLANG_CXX_LIBRARY = "libc++";
				CLANG_ENABLE_MODULES = YES;
				CLANG_ENABLE_OBJC_ARC = YES;
				CLANG_WARN_BOOL_CONVERSION = YES;
				CLANG_WARN_CONSTANT_CONVERSION = YES;
				CLANG_WARN_DIRECT_OBJC_ISA_USAGE = YES_ERROR;
				CLANG_WARN_DOCUMENTATION_COMMENTS = YES;
				CLANG_WARN_EMPTY_BODY = YES;
				CLANG_WARN_ENUM_CONVERSION = YES;
				CLANG_WARN_INFINITE_RECURSION = YES;
				CLANG_WARN_INT_CONVERSION = YES;
				CLANG_WARN_OBJC_ROOT_CLASS = YES_ERROR;
				CLANG_WARN_SUSPICIOUS_MOVE = YES;
				CLANG_WARN_UNREACHABLE_CODE = YES;
				CLANG_WARN__DUPLICATE_METHOD_MATCH = YES;
				"CODE_SIGN_IDENTITY[sdk=iphoneos*]" = "iPhone Developer";
				COPY_PHASE_STRIP = NO;
				DEBUG_INFORMATION_FORMAT = "dwarf-with-dsym";
				ENABLE_NS_ASSERTIONS = NO;
				ENABLE_STRICT_OBJC_MSGSEND = YES;
				GCC_C_LANGUAGE_STANDARD = gnu99;
				GCC_NO_COMMON_BLOCKS = YES;
				GCC_WARN_64_TO_32_BIT_CONVERSION = YES;
				GCC_WARN_ABOUT_RETURN_TYPE = YES_ERROR;
				GCC_WARN_UNDECLARED_SELECTOR = YES;
				GCC_WARN_UNINITIALIZED_AUTOS = YES_AGGRESSIVE;
				GCC_WARN_UNUSED_FUNCTION = YES;
				GCC_WARN_UNUSED_VARIABLE = YES;
				IPHONEOS_DEPLOYMENT_TARGET = 10.2;
				MTL_ENABLE_DEBUG_INFO = NO;
				SDKROOT = iphoneos;
				SWIFT_OPTIMIZATION_LEVEL = "-Owholemodule";
				VALIDATE_PRODUCT = YES;
			};
			name = Release;
		};
		823D7A141E7B396A00CC0190 /* Debug */ = {
			isa = XCBuildConfiguration;
			buildSettings = {
				ASSETCATALOG_COMPILER_APPICON_NAME = AppIcon;
				DEVELOPMENT_TEAM = 9QTU947L2N;
				INFOPLIST_FILE = "Virtual Tourist/Info.plist";
				LD_RUNPATH_SEARCH_PATHS = "$(inherited) @executable_path/Frameworks";
				PRODUCT_BUNDLE_IDENTIFIER = "ru.happimess.Virtual-Tourist";
				PRODUCT_NAME = "$(TARGET_NAME)";
				SWIFT_VERSION = 3.0;
			};
			name = Debug;
		};
		823D7A151E7B396A00CC0190 /* Release */ = {
			isa = XCBuildConfiguration;
			buildSettings = {
				ASSETCATALOG_COMPILER_APPICON_NAME = AppIcon;
				DEVELOPMENT_TEAM = 9QTU947L2N;
				INFOPLIST_FILE = "Virtual Tourist/Info.plist";
				LD_RUNPATH_SEARCH_PATHS = "$(inherited) @executable_path/Frameworks";
				PRODUCT_BUNDLE_IDENTIFIER = "ru.happimess.Virtual-Tourist";
				PRODUCT_NAME = "$(TARGET_NAME)";
				SWIFT_VERSION = 3.0;
			};
			name = Release;
		};
/* End XCBuildConfiguration section */

/* Begin XCConfigurationList section */
		823D79FC1E7B396A00CC0190 /* Build configuration list for PBXProject "Virtual Tourist" */ = {
			isa = XCConfigurationList;
			buildConfigurations = (
				823D7A111E7B396A00CC0190 /* Debug */,
				823D7A121E7B396A00CC0190 /* Release */,
			);
			defaultConfigurationIsVisible = 0;
			defaultConfigurationName = Release;
		};
		823D7A131E7B396A00CC0190 /* Build configuration list for PBXNativeTarget "Virtual Tourist" */ = {
			isa = XCConfigurationList;
			buildConfigurations = (
				823D7A141E7B396A00CC0190 /* Debug */,
				823D7A151E7B396A00CC0190 /* Release */,
			);
			defaultConfigurationIsVisible = 0;
			defaultConfigurationName = Release;
		};
/* End XCConfigurationList section */

/* Begin XCVersionGroup section */
		82430A201E8696EA00297FCC /* Model.xcdatamodeld */ = {
			isa = XCVersionGroup;
			children = (
				82430A211E8696EA00297FCC /* Model.xcdatamodel */,
			);
			currentVersion = 82430A211E8696EA00297FCC /* Model.xcdatamodel */;
			name = Model.xcdatamodeld;
			path = ../Model.xcdatamodeld;
			sourceTree = "<group>";
			versionGroupType = wrapper.xcdatamodel;
		};
/* End XCVersionGroup section */
	};
	rootObject = 823D79F91E7B396A00CC0190 /* Project object */;
}
